# @generated - this file is auto-generated by `mise lock` https://mise.jdx.dev/dev-tools/mise-lock.html

lockfile_version = 1

[[tools.aws-cli]]
version = "2.36.40"
backend = "aqua:aws/aws-cli"
specifiers = ["latest"]

[tools.aws-cli."platforms.macos-arm64"]
checksum = "blake3:5db2bdbe1a49c6b544796a62b37aea7452f706f40d8becea3f41088309084812"
url = "https://awscli.amazonaws.com/AWSCLIV2-2.36.40.pkg"

[[tools."cargo:cargo-seek"]]
version = "0.2.0"
backend = "cargo:cargo-seek"
specifiers = ["latest"]

[[tools."cargo:ghgrab"]]
version = "2.0.2"
backend = "cargo:ghgrab"
specifiers = ["latest"]

[[tools."cargo:navi"]]
version = "2.24.0"
backend = "cargo:navi"
specifiers = ["latest"]

[[tools."cargo:tealdeer"]]
version = "1.9.0"
backend = "cargo:tealdeer"
specifiers = ["latest"]

[[tools.deno]]
version = "2.9.6"
backend = "core:deno"
specifiers = ["latest"]

[tools.deno."platforms.macos-arm64"]
checksum = "sha256:213a2f304f04d3c9cb5220669afad138f60a5aab1fe80962abdeb8f35807a472"
url = "https://dl.deno.land/release/v2.9.6/deno-aarch64-apple-darwin.zip"

[[tools.go]]
version = "1.27.0"
backend = "core:go"
specifiers = ["latest"]

[tools.go."platforms.macos-arm64"]
checksum = "sha256:90493b3bbd5e10f91d12153198bf1994fd756399b4fec93b49b0c6e2acdeeb3e"
url = "https://dl.google.com/go/go1.27.0.darwin-arm64.tar.gz"

[[tools.hunk]]
version = "0.20.1"
backend = "aqua:modem-dev/hunk"
specifiers = ["latest"]

[tools.hunk."platforms.macos-arm64"]
checksum = "sha256:b710b121df35f9ac9ccef1bdef5e2135747be404b818710313cc3db1c90f84e6"
url = "https://github.com/modem-dev/hunk/releases/download/v0.20.1/hunkdiff-darwin-arm64.tar.gz"
url_api = "https://api.github.com/repos/modem-dev/hunk/releases/assets/535228768"

[[tools.node]]
version = "24.20.0"
backend = "core:node"
specifiers = ["lts"]

[tools.node."platforms.macos-arm64"]
checksum = "sha256:40e5607e5ecb3db9192723776da2d75d966260fc74a7a9e731c1bd67dda96bc8"
url = "https://nodejs.org/dist/v24.20.0/node-v24.20.0-darwin-arm64.tar.gz"

[[tools."npm:@google/clasp"]]
version = "3.4.1"
backend = "npm:@google/clasp"
specifiers = ["latest"]

[[tools.python]]
version = "3.14.7"
backend = "core:python"
specifiers = ["latest"]

[tools.python."platforms.macos-arm64"]
checksum = "sha256:4632cb1a6edad9e73d3c81b6d2e69131637d995173e3e85005df14102b0592ba"
url = "https://github.com/astral-sh/python-build-standalone/releases/download/20260901/cpython-3.14.7+20260901-aarch64-apple-darwin-install_only_stripped.tar.gz"
provenance = "github-attestations"

[[tools.rust]]
version = "stable"
backend = "core:rust"
specifiers = ["stable"]

[[tools.zoxide]]
version = "0.10.0"
backend = "aqua:ajeetdsouza/zoxide"
specifiers = ["latest"]

[tools.zoxide."platforms.macos-arm64"]
checksum = "sha256:b55ae6f2f5f23d0a6ccb3bd4eeb2af9c7e0a6556e5255c82100e40305129bbb0"
url = "https://github.com/ajeetdsouza/zoxide/releases/download/v0.10.0/zoxide-0.10.0-aarch64-apple-darwin.tar.gz"
url_api = "https://api.github.com/repos/ajeetdsouza/zoxide/releases/assets/466316174"
